
Microsoft Visual Studio Solution File, Format Version 12.00
# Visual Studio Version 17
VisualStudioVersion = 17.3.32929.385
MinimumVisualStudioVersion = 10.0.40219.1
Project("{9A19103F-16F7-4668-BE54-9A1E7A4F7556}") = "01_IntroToWF", "01_IntroToWF\01_IntroToWF.csproj", "{CE38B7C1-F7A4-4E73-AACF-FFC14E6BE4DE}"
EndProject
Project("{9A19103F-16F7-4668-BE54-9A1E7A4F7556}") = "02_RunButton", "02_RunButton\02_RunButton.csproj", "{0A246D39-3DDD-4A26-89A6-7FE38CABC75C}"
EndProject
Project("{9A19103F-16F7-4668-BE54-9A1E7A4F7556}") = "03_BaseControls", "03_BaseControls\03_BaseControls.csproj", "{2F5591FD-A943-4332-9C82-C9E7CA65F7FA}"
EndProject
Project("{9A19103F-16F7-4668-BE54-9A1E7A4F7556}") = "04_ControlsEnableButton", "04_ControlsEnableButton\04_ControlsEnableButton.csproj", "{0792FBA1-0302-41C1-9882-AB5FA495F45A}"
EndProject
Project("{9A19103F-16F7-4668-BE54-9A1E7A4F7556}") = "05_ProgressBarTrackBar", "05_ProgressBarTrackBar\05_ProgressBarTrackBar.csproj", "{8080B2F0-02FE-4277-961B-71A0AC12E688}"
EndProject
Project("{FAE04EC0-301F-11D3-BF4B-00C04F79EFBC}") = "06_ComboBoxProject", "06_ComboBoxProject\06_ComboBoxProject.csproj", "{9D0CDF75-026D-45DB-9049-73EE160B7218}"
EndProject
Project("{FAE04EC0-301F-11D3-BF4B-00C04F79EFBC}") = "07_ListBox", "07_ListBox\07_ListBox.csproj", "{19354907-0B29-4163-B468-0EA578C88086}"
EndProject
Global
	GlobalSection(SolutionConfigurationPlatforms) = preSolution
		Debug|Any CPU = Debug|Any CPU
		Release|Any CPU = Release|Any CPU
	EndGlobalSection
	GlobalSection(ProjectConfigurationPlatforms) = postSolution
		{CE38B7C1-F7A4-4E73-AACF-FFC14E6BE4DE}.Debug|Any CPU.ActiveCfg = Debug|Any CPU
		{CE38B7C1-F7A4-4E73-AACF-FFC14E6BE4DE}.Debug|Any CPU.Build.0 = Debug|Any CPU
		{CE38B7C1-F7A4-4E73-AACF-FFC14E6BE4DE}.Release|Any CPU.ActiveCfg = Release|Any CPU
		{CE38B7C1-F7A4-4E73-AACF-FFC14E6BE4DE}.Release|Any CPU.Build.0 = Release|Any CPU
		{0A246D39-3DDD-4A26-89A6-7FE38CABC75C}.Debug|Any CPU.ActiveCfg = Debug|Any CPU
		{0A246D39-3DDD-4A26-89A6-7FE38CABC75C}.Debug|Any CPU.Build.0 = Debug|Any CPU
		{0A246D39-3DDD-4A26-89A6-7FE38CABC75C}.Release|Any CPU.ActiveCfg = Release|Any CPU
		{0A246D39-3DDD-4A26-89A6-7FE38CABC75C}.Release|Any CPU.Build.0 = Release|Any CPU
		{2F5591FD-A943-4332-9C82-C9E7CA65F7FA}.Debug|Any CPU.ActiveCfg = Debug|Any CPU
		{2F5591FD-A943-4332-9C82-C9E7CA65F7FA}.Debug|Any CPU.Build.0 = Debug|Any CPU
		{2F5591FD-A943-4332-9C82-C9E7CA65F7FA}.Release|Any CPU.ActiveCfg = Release|Any CPU
		{2F5591FD-A943-4332-9C82-C9E7CA65F7FA}.Release|Any CPU.Build.0 = Release|Any CPU
		{0792FBA1-0302-41C1-9882-AB5FA495F45A}.Debug|Any CPU.ActiveCfg = Debug|Any CPU
		{0792FBA1-0302-41C1-9882-AB5FA495F45A}.Debug|Any CPU.Build.0 = Debug|Any CPU
		{0792FBA1-0302-41C1-9882-AB5FA495F45A}.Release|Any CPU.ActiveCfg = Release|Any CPU
		{0792FBA1-0302-41C1-9882-AB5FA495F45A}.Release|Any CPU.Build.0 = Release|Any CPU
		{8080B2F0-02FE-4277-961B-71A0AC12E688}.Debug|Any CPU.ActiveCfg = Debug|Any CPU
		{8080B2F0-02FE-4277-961B-71A0AC12E688}.Debug|Any CPU.Build.0 = Debug|Any CPU
		{8080B2F0-02FE-4277-961B-71A0AC12E688}.Release|Any CPU.ActiveCfg = Release|Any CPU
		{8080B2F0-02FE-4277-961B-71A0AC12E688}.Release|Any CPU.Build.0 = Release|Any CPU
		{9D0CDF75-026D-45DB-9049-73EE160B7218}.Debug|Any CPU.ActiveCfg = Debug|Any CPU
		{9D0CDF75-026D-45DB-9049-73EE160B7218}.Debug|Any CPU.Build.0 = Debug|Any CPU
		{9D0CDF75-026D-45DB-9049-73EE160B7218}.Release|Any CPU.ActiveCfg = Release|Any CPU
		{9D0CDF75-026D-45DB-9049-73EE160B7218}.Release|Any CPU.Build.0 = Release|Any CPU
		{19354907-0B29-4163-B468-0EA578C88086}.Debug|Any CPU.ActiveCfg = Debug|Any CPU
		{19354907-0B29-4163-B468-0EA578C88086}.Debug|Any CPU.Build.0 = Debug|Any CPU
		{19354907-0B29-4163-B468-0EA578C88086}.Release|Any CPU.ActiveCfg = Release|Any CPU
		{19354907-0B29-4163-B468-0EA578C88086}.Release|Any CPU.Build.0 = Release|Any CPU
	EndGlobalSection
	GlobalSection(SolutionProperties) = preSolution
		HideSolutionNode = FALSE
	EndGlobalSection
	GlobalSection(ExtensibilityGlobals) = postSolution
		SolutionGuid = {2E374336-7C23-49B9-B59F-1249699E3DA8}
	EndGlobalSection
EndGlobal
