
Microsoft Visual Studio Solution File, Format Version 12.00
# Visual Studio Version 17
VisualStudioVersion = 17.3.32929.385
MinimumVisualStudioVersion = 10.0.40219.1
Project("{9A19103F-16F7-4668-BE54-9A1E7A4F7556}") = "01_IntroToWF", "01_IntroToWF\01_IntroToWF.csproj", "{CE38B7C1-F7A4-4E73-AACF-FFC14E6BE4DE}"
EndProject
Project("{9A19103F-16F7-4668-BE54-9A1E7A4F7556}") = "02_RunButton", "02_RunButton\02_RunButton.csproj", "{0A246D39-3DDD-4A26-89A6-7FE38CABC75C}"
EndProject
Project("{9A19103F-16F7-4668-BE54-9A1E7A4F7556}") = "03_BaseControls", "03_BaseControls\03_BaseControls.csproj", "{2F5591FD-A943-4332-9C82-C9E7CA65F7FA}"
EndProject
Project("{9A19103F-16F7-4668-BE54-9A1E7A4F7556}") = "04_ControlsEnableButton", "04_ControlsEnableButton\04_ControlsEnableButton.csproj", "{0792FBA1-0302-41C1-9882-AB5FA495F45A}"
EndProject
Project("{9A19103F-16F7-4668-BE54-9A1E7A4F7556}") = "05_ProgressBarTrackBar", "05_ProgressBarTrackBar\05_ProgressBarTrackBar.csproj", "{8080B2F0-02FE-4277-961B-71A0AC12E688}"
EndProject
Project("{9A19103F-16F7-4668-BE54-9A1E7A4F7556}") = "06_ComboBoxProject", "06_ComboBoxProject\06_ComboBoxProject.csproj", "{9D0CDF75-026D-45DB-9049-73EE160B7218}"
EndProject
Project("{9A19103F-16F7-4668-BE54-9A1E7A4F7556}") = "07_ListBox", "07_ListBox\07_ListBox.csproj", "{19354907-0B29-4163-B468-0EA578C88086}"
EndProject
Project("{9A19103F-16F7-4668-BE54-9A1E7A4F7556}") = "08_AdditionalForm", "08_AdditionalForm\08_AdditionalForm.csproj", "{72F8241A-25FD-46D3-A85A-9037D935CEEF}"
EndProject
Project("{9A19103F-16F7-4668-BE54-9A1E7A4F7556}") = "09_Dialogs", "09_Dialogs\09_Dialogs.csproj", "{17FB5548-E0CD-4E3B-B4D3-99BC5E016819}"
EndProject
Project("{9A19103F-16F7-4668-BE54-9A1E7A4F7556}") = "10_RichTextBox", "10_RichTextBox\10_RichTextBox.csproj", "{ABFD635A-159A-4685-A211-2861281100D3}"
EndProject
Project("{9A19103F-16F7-4668-BE54-9A1E7A4F7556}") = "11_TreeViewListView", "11_TreeViewListView\11_TreeViewListView.csproj", "{18CB392E-42F4-4AAA-9B44-0C32C6E0C62D}"
EndProject
Project("{9A19103F-16F7-4668-BE54-9A1E7A4F7556}") = "12_TabControl", "12_TabControl\12_TabControl.csproj", "{E6401BD0-9805-4346-A687-EF10DDEC4341}"
EndProject
Project("{9A19103F-16F7-4668-BE54-9A1E7A4F7556}") = "13_DragDrop", "13_DragDrop\13_DragDrop.csproj", "{6F7DC60B-AC67-4C25-883F-4D53C544A101}"
EndProject
Project("{FAE04EC0-301F-11D3-BF4B-00C04F79EFBC}") = "14_Graphics", "14_Graphics\14_Graphics.csproj", "{9878A85F-A027-42A8-A398-A2A6DF976768}"
EndProject
Project("{FAE04EC0-301F-11D3-BF4B-00C04F79EFBC}") = "15_Paint", "15_Paint\15_Paint.csproj", "{8D91C0F3-74A1-4E49-93F5-E4526D733230}"
EndProject
Global
	GlobalSection(SolutionConfigurationPlatforms) = preSolution
		Debug|Any CPU = Debug|Any CPU
		Release|Any CPU = Release|Any CPU
	EndGlobalSection
	GlobalSection(ProjectConfigurationPlatforms) = postSolution
		{CE38B7C1-F7A4-4E73-AACF-FFC14E6BE4DE}.Debug|Any CPU.ActiveCfg = Debug|Any CPU
		{CE38B7C1-F7A4-4E73-AACF-FFC14E6BE4DE}.Debug|Any CPU.Build.0 = Debug|Any CPU
		{CE38B7C1-F7A4-4E73-AACF-FFC14E6BE4DE}.Release|Any CPU.ActiveCfg = Release|Any CPU
		{CE38B7C1-F7A4-4E73-AACF-FFC14E6BE4DE}.Release|Any CPU.Build.0 = Release|Any CPU
		{0A246D39-3DDD-4A26-89A6-7FE38CABC75C}.Debug|Any CPU.ActiveCfg = Debug|Any CPU
		{0A246D39-3DDD-4A26-89A6-7FE38CABC75C}.Debug|Any CPU.Build.0 = Debug|Any CPU
		{0A246D39-3DDD-4A26-89A6-7FE38CABC75C}.Release|Any CPU.ActiveCfg = Release|Any CPU
		{0A246D39-3DDD-4A26-89A6-7FE38CABC75C}.Release|Any CPU.Build.0 = Release|Any CPU
		{2F5591FD-A943-4332-9C82-C9E7CA65F7FA}.Debug|Any CPU.ActiveCfg = Debug|Any CPU
		{2F5591FD-A943-4332-9C82-C9E7CA65F7FA}.Debug|Any CPU.Build.0 = Debug|Any CPU
		{2F5591FD-A943-4332-9C82-C9E7CA65F7FA}.Release|Any CPU.ActiveCfg = Release|Any CPU
		{2F5591FD-A943-4332-9C82-C9E7CA65F7FA}.Release|Any CPU.Build.0 = Release|Any CPU
		{0792FBA1-0302-41C1-9882-AB5FA495F45A}.Debug|Any CPU.ActiveCfg = Debug|Any CPU
		{0792FBA1-0302-41C1-9882-AB5FA495F45A}.Debug|Any CPU.Build.0 = Debug|Any CPU
		{0792FBA1-0302-41C1-9882-AB5FA495F45A}.Release|Any CPU.ActiveCfg = Release|Any CPU
		{0792FBA1-0302-41C1-9882-AB5FA495F45A}.Release|Any CPU.Build.0 = Release|Any CPU
		{8080B2F0-02FE-4277-961B-71A0AC12E688}.Debug|Any CPU.ActiveCfg = Debug|Any CPU
		{8080B2F0-02FE-4277-961B-71A0AC12E688}.Debug|Any CPU.Build.0 = Debug|Any CPU
		{8080B2F0-02FE-4277-961B-71A0AC12E688}.Release|Any CPU.ActiveCfg = Release|Any CPU
		{8080B2F0-02FE-4277-961B-71A0AC12E688}.Release|Any CPU.Build.0 = Release|Any CPU
		{9D0CDF75-026D-45DB-9049-73EE160B7218}.Debug|Any CPU.ActiveCfg = Debug|Any CPU
		{9D0CDF75-026D-45DB-9049-73EE160B7218}.Debug|Any CPU.Build.0 = Debug|Any CPU
		{9D0CDF75-026D-45DB-9049-73EE160B7218}.Release|Any CPU.ActiveCfg = Release|Any CPU
		{9D0CDF75-026D-45DB-9049-73EE160B7218}.Release|Any CPU.Build.0 = Release|Any CPU
		{19354907-0B29-4163-B468-0EA578C88086}.Debug|Any CPU.ActiveCfg = Debug|Any CPU
		{19354907-0B29-4163-B468-0EA578C88086}.Debug|Any CPU.Build.0 = Debug|Any CPU
		{19354907-0B29-4163-B468-0EA578C88086}.Release|Any CPU.ActiveCfg = Release|Any CPU
		{19354907-0B29-4163-B468-0EA578C88086}.Release|Any CPU.Build.0 = Release|Any CPU
		{72F8241A-25FD-46D3-A85A-9037D935CEEF}.Debug|Any CPU.ActiveCfg = Debug|Any CPU
		{72F8241A-25FD-46D3-A85A-9037D935CEEF}.Debug|Any CPU.Build.0 = Debug|Any CPU
		{72F8241A-25FD-46D3-A85A-9037D935CEEF}.Release|Any CPU.ActiveCfg = Release|Any CPU
		{72F8241A-25FD-46D3-A85A-9037D935CEEF}.Release|Any CPU.Build.0 = Release|Any CPU
		{17FB5548-E0CD-4E3B-B4D3-99BC5E016819}.Debug|Any CPU.ActiveCfg = Debug|Any CPU
		{17FB5548-E0CD-4E3B-B4D3-99BC5E016819}.Debug|Any CPU.Build.0 = Debug|Any CPU
		{17FB5548-E0CD-4E3B-B4D3-99BC5E016819}.Release|Any CPU.ActiveCfg = Release|Any CPU
		{17FB5548-E0CD-4E3B-B4D3-99BC5E016819}.Release|Any CPU.Build.0 = Release|Any CPU
		{ABFD635A-159A-4685-A211-2861281100D3}.Debug|Any CPU.ActiveCfg = Debug|Any CPU
		{ABFD635A-159A-4685-A211-2861281100D3}.Debug|Any CPU.Build.0 = Debug|Any CPU
		{ABFD635A-159A-4685-A211-2861281100D3}.Release|Any CPU.ActiveCfg = Release|Any CPU
		{ABFD635A-159A-4685-A211-2861281100D3}.Release|Any CPU.Build.0 = Release|Any CPU
		{18CB392E-42F4-4AAA-9B44-0C32C6E0C62D}.Debug|Any CPU.ActiveCfg = Debug|Any CPU
		{18CB392E-42F4-4AAA-9B44-0C32C6E0C62D}.Debug|Any CPU.Build.0 = Debug|Any CPU
		{18CB392E-42F4-4AAA-9B44-0C32C6E0C62D}.Release|Any CPU.ActiveCfg = Release|Any CPU
		{18CB392E-42F4-4AAA-9B44-0C32C6E0C62D}.Release|Any CPU.Build.0 = Release|Any CPU
		{E6401BD0-9805-4346-A687-EF10DDEC4341}.Debug|Any CPU.ActiveCfg = Debug|Any CPU
		{E6401BD0-9805-4346-A687-EF10DDEC4341}.Debug|Any CPU.Build.0 = Debug|Any CPU
		{E6401BD0-9805-4346-A687-EF10DDEC4341}.Release|Any CPU.ActiveCfg = Release|Any CPU
		{E6401BD0-9805-4346-A687-EF10DDEC4341}.Release|Any CPU.Build.0 = Release|Any CPU
		{6F7DC60B-AC67-4C25-883F-4D53C544A101}.Debug|Any CPU.ActiveCfg = Debug|Any CPU
		{6F7DC60B-AC67-4C25-883F-4D53C544A101}.Debug|Any CPU.Build.0 = Debug|Any CPU
		{6F7DC60B-AC67-4C25-883F-4D53C544A101}.Release|Any CPU.ActiveCfg = Release|Any CPU
		{6F7DC60B-AC67-4C25-883F-4D53C544A101}.Release|Any CPU.Build.0 = Release|Any CPU
		{9878A85F-A027-42A8-A398-A2A6DF976768}.Debug|Any CPU.ActiveCfg = Debug|Any CPU
		{9878A85F-A027-42A8-A398-A2A6DF976768}.Debug|Any CPU.Build.0 = Debug|Any CPU
		{9878A85F-A027-42A8-A398-A2A6DF976768}.Release|Any CPU.ActiveCfg = Release|Any CPU
		{9878A85F-A027-42A8-A398-A2A6DF976768}.Release|Any CPU.Build.0 = Release|Any CPU
		{8D91C0F3-74A1-4E49-93F5-E4526D733230}.Debug|Any CPU.ActiveCfg = Debug|Any CPU
		{8D91C0F3-74A1-4E49-93F5-E4526D733230}.Debug|Any CPU.Build.0 = Debug|Any CPU
		{8D91C0F3-74A1-4E49-93F5-E4526D733230}.Release|Any CPU.ActiveCfg = Release|Any CPU
		{8D91C0F3-74A1-4E49-93F5-E4526D733230}.Release|Any CPU.Build.0 = Release|Any CPU
	EndGlobalSection
	GlobalSection(SolutionProperties) = preSolution
		HideSolutionNode = FALSE
	EndGlobalSection
	GlobalSection(ExtensibilityGlobals) = postSolution
		SolutionGuid = {2E374336-7C23-49B9-B59F-1249699E3DA8}
	EndGlobalSection
EndGlobal
